
Microsoft Visual Studio Solution File, Format Version 12.00
# Visual Studio Version 17
VisualStudioVersion = 17.4.33110.190
MinimumVisualStudioVersion = 10.0.40219.1
Project("{9A19103F-16F7-4668-BE54-9A1E7A4F7556}") = "Exception_Handlind", "Exception_Handlind.csproj", "{0AA80F73-BDA3-4E1D-BCAD-BA83D1B4B059}"
EndProject
Project("{FAE04EC0-301F-11D3-BF4B-00C04F79EFBC}") = "CategoryTest", "..\CategoryTest\CategoryTest.csproj", "{0C335B44-7590-41EE-A475-C120A1B9D998}"
EndProject
Global
	GlobalSection(SolutionConfigurationPlatforms) = preSolution
		Debug|Any CPU = Debug|Any CPU
		Release|Any CPU = Release|Any CPU
	EndGlobalSection
	GlobalSection(ProjectConfigurationPlatforms) = postSolution
		{0AA80F73-BDA3-4E1D-BCAD-BA83D1B4B059}.Debug|Any CPU.ActiveCfg = Debug|Any CPU
		{0AA80F73-BDA3-4E1D-BCAD-BA83D1B4B059}.Debug|Any CPU.Build.0 = Debug|Any CPU
		{0AA80F73-BDA3-4E1D-BCAD-BA83D1B4B059}.Release|Any CPU.ActiveCfg = Release|Any CPU
		{0AA80F73-BDA3-4E1D-BCAD-BA83D1B4B059}.Release|Any CPU.Build.0 = Release|Any CPU
		{0C335B44-7590-41EE-A475-C120A1B9D998}.Debug|Any CPU.ActiveCfg = Debug|Any CPU
		{0C335B44-7590-41EE-A475-C120A1B9D998}.Debug|Any CPU.Build.0 = Debug|Any CPU
		{0C335B44-7590-41EE-A475-C120A1B9D998}.Release|Any CPU.ActiveCfg = Release|Any CPU
		{0C335B44-7590-41EE-A475-C120A1B9D998}.Release|Any CPU.Build.0 = Release|Any CPU
	EndGlobalSection
	GlobalSection(SolutionProperties) = preSolution
		HideSolutionNode = FALSE
	EndGlobalSection
	GlobalSection(ExtensibilityGlobals) = postSolution
		SolutionGuid = {889B53D3-D61E-4E26-A311-7492D65EE78D}
	EndGlobalSection
EndGlobal
